
Microsoft Visual Studio Solution File, Format Version 12.00
# Visual Studio Version 17
VisualStudioVersion = 17.7.34031.279
MinimumVisualStudioVersion = 10.0.40219.1
Project("{FAE04EC0-301F-11D3-BF4B-00C04F79EFBC}") = "Playfair", "Playfair\Playfair.csproj", "{713109A6-D5FA-40B5-A6CB-F9A280E8FAB7}"
EndProject
Global
	GlobalSection(SolutionConfigurationPlatforms) = preSolution
		Debug|Any CPU = Debug|Any CPU
		Release|Any CPU = Release|Any CPU
	EndGlobalSection
	GlobalSection(ProjectConfigurationPlatforms) = postSolution
		{713109A6-D5FA-40B5-A6CB-F9A280E8FAB7}.Debug|Any CPU.ActiveCfg = Debug|Any CPU
		{713109A6-D5FA-40B5-A6CB-F9A280E8FAB7}.Debug|Any CPU.Build.0 = Debug|Any CPU
		{713109A6-D5FA-40B5-A6CB-F9A280E8FAB7}.Release|Any CPU.ActiveCfg = Release|Any CPU
		{713109A6-D5FA-40B5-A6CB-F9A280E8FAB7}.Release|Any CPU.Build.0 = Release|Any CPU
	EndGlobalSection
	GlobalSection(SolutionProperties) = preSolution
		HideSolutionNode = FALSE
	EndGlobalSection
	GlobalSection(ExtensibilityGlobals) = postSolution
		SolutionGuid = {8EC9E0A3-2E8E-4BA0-9F1B-35C0820708BB}
	EndGlobalSection
EndGlobal
